hash: 0ea42905e519555cbf92241a706eee3ff84f4056e2a3f1cc3ecfd0cf3f1d9075
updated: 2016-10-12T21:09:21.730164425+01:00
imports:
- name: github.com/glestaris/passwduser
  version: 9bf69c22d50a4696852dd4e2fd421fa9a0d025c3
- name: github.com/urfave/cli
  version: 07a425a8e2c37f3e431714c503e55b3c82f93f98
- name: github.com/vishvananda/netlink
  version: 07a425a8e2c37f3e431714c503e55b3c82f93f98
  subpackages:
  - nl
- name: github.com/vishvananda/netns
  version: 07a425a8e2c37f3e431714c503e55b3c82f93f98
- name: golang.org/x/crypto
  version: 07a425a8e2c37f3e431714c503e55b3c82f93f98
  subpackages:
  - ssh/keys
  - ssh
  - curve25519
  - ed25519
  - ed25519/internal/edwards25519
devImports: []
